# THIS IS AN AUTOGENERATED FILE. DO NOT EDIT THIS FILE DIRECTLY.
# yarn lockfile v1


"@metamask/safe-event-emitter@^2.0.0":
  version "2.0.0"
  resolved "https://registry.yarnpkg.com/@metamask/safe-event-emitter/-/safe-event-emitter-2.0.0.tgz#af577b477c683fad17c619a78208cede06f9605c"
  integrity sha512-/kSXhY692qiV1MXu6EeOZvg5nECLclxNXcKCxJ3cXQgYuRymRHpdx/t7JXfsK+JLjwA1e1c1/SBrlQYpusC29Q==

"@types/node@^12.0.0":
  version "12.20.41"
  resolved "https://registry.yarnpkg.com/@types/node/-/node-12.20.41.tgz#81d7734c5257da9f04354bd9084a6ebbdd5198a5"
  integrity sha512-f6xOqucbDirG7LOzedpvzjP3UTmHttRou3Mosx3vL9wr9AIQGhcPgVnqa8ihpZYnxyM1rxeNCvTyukPKZtq10Q==

typescript@^4.0.5:
  version "4.5.4"
  resolved "https://registry.yarnpkg.com/typescript/-/typescript-4.5.4.tgz#a17d3a0263bf5c8723b9c52f43c5084edf13c2e8"
  integrity sha512-VgYs2A2QIRuGphtzFV7aQJduJ2gyfTljngLzjpfW9FoYZF6xuw1W0vW9ghCKLfcWrCFxK81CSGRAvS1pn4fIUg==
